dependencies:
  espressif/ssd1306:
    component_hash: 102cfc05b1b304862fa3f494e9dd955844bcc5f6cb16596e4ca5df3e6bf9fd0d
    dependencies:
    - name: idf
      require: private
      version: '>=4.0'
    source:
      registry_url: https://components.espressif.com/
      type: service
    version: 1.0.5~1
  idf:
    source:
      type: idf
    version: 5.5.2
  sepfy/srtp:
    component_hash: 5a75f043e29104975e3a0191e404a957a4d9088551842e16426a5b72e14610ae
    dependencies: []
    source:
      registry_url: https://components.espressif.com/
      type: service
    version: 2.3.0
  sepfy/usrsctp:
    component_hash: e96106dd3dbb4c1da7340a7cf044a2191bb28e706586fc20d25c08d75700583b
    dependencies: []
    source:
      registry_url: https://components.espressif.com/
      type: service
    version: 0.9.5
direct_dependencies:
- espressif/ssd1306
- sepfy/srtp
- sepfy/usrsctp
manifest_hash: 7c3586ff391cf6fe73371aa2ae2e2c74029dd6221211e3f2a1c1868802774b22
target: esp32c3
version: 2.0.0
